// !$*UTF8*$!
{
	archiveVersion = 1;
	classes = {
	};
	objectVersion = 50;
	objects = {

/* Begin PBXBuildFile section */
		4E012B2F21E3AA6300C4B755 /* AppDelegate.swift in Sources */ = {isa = PBXBuildFile; fileRef = 4E012B2E21E3AA6300C4B755 /* AppDelegate.swift */; };
		4E012B3121E3AA6300C4B755 /* OrganizationsListVC.swift in Sources */ = {isa = PBXBuildFile; fileRef = 4E012B3021E3AA6300C4B755 /* OrganizationsListVC.swift */; };
		4E012B3421E3AA6300C4B755 /* Main.storyboard in Resources */ = {isa = PBXBuildFile; fileRef = 4E012B3221E3AA6300C4B755 /* Main.storyboard */; };
		4E012B3621E3AA6600C4B755 /* Assets.xcassets in Resources */ = {isa = PBXBuildFile; fileRef = 4E012B3521E3AA6600C4B755 /* Assets.xcassets */; };
		4E012B3921E3AA6600C4B755 /* LaunchScreen.storyboard in Resources */ = {isa = PBXBuildFile; fileRef = 4E012B3721E3AA6600C4B755 /* LaunchScreen.storyboard */; };
		4E012B4121E3AC9200C4B755 /* Podfile in Sources */ = {isa = PBXBuildFile; fileRef = 4E012B4021E3AC9200C4B755 /* Podfile */; };
		4E012B4321E3BD2200C4B755 /* Organization.swift in Sources */ = {isa = PBXBuildFile; fileRef = 4E012B4221E3BD2200C4B755 /* Organization.swift */; };
		4E012B4521E3CA2E00C4B755 /* FinanceUA.swift in Sources */ = {isa = PBXBuildFile; fileRef = 4E012B4421E3CA2E00C4B755 /* FinanceUA.swift */; };
		4E7DB882220EE58400F9C2C3 /* OrganizationCell.xib in Resources */ = {isa = PBXBuildFile; fileRef = 4E7DB881220EE58400F9C2C3 /* OrganizationCell.xib */; };
		4E7DB884220EE5DD00F9C2C3 /* OrganizationCell.swift in Sources */ = {isa = PBXBuildFile; fileRef = 4E7DB883220EE5DD00F9C2C3 /* OrganizationCell.swift */; };
		5AF93A92220B2584002D4F7E /* Currency.swift in Sources */ = {isa = PBXBuildFile; fileRef = 5AF93A91220B2584002D4F7E /* Currency.swift */; };
		D80C1A7638976DAC3439C87B /* Pods_UAFinance.framework in Frameworks */ = {isa = PBXBuildFile; fileRef = 7D39C06974D980B3DA24BEF3 /* Pods_UAFinance.framework */; };
/* End PBXBuildFile section */

/* Begin PBXFileReference section */
		2F33092A660E09ABA5E21574 /* Pods-UAFinance.release.xcconfig */ = {isa = PBXFileReference; includeInIndex = 1; lastKnownFileType = text.xcconfig; name = "Pods-UAFinance.release.xcconfig"; path = "Pods/Target Support Files/Pods-UAFinance/Pods-UAFinance.release.xcconfig"; sourceTree = "<group>"; };
		4E012B2B21E3AA6300C4B755 /* UAFinance.app */ = {isa = PBXFileReference; explicitFileType = wrapper.application; includeInIndex = 0; path = UAFinance.app; sourceTree = BUILT_PRODUCTS_DIR; };
		4E012B2E21E3AA6300C4B755 /* AppDelegate.swift */ = {isa = PBXFileReference; lastKnownFileType = sourcecode.swift; path = AppDelegate.swift; sourceTree = "<group>"; };
		4E012B3021E3AA6300C4B755 /* OrganizationsListVC.swift */ = {isa = PBXFileReference; lastKnownFileType = sourcecode.swift; path = OrganizationsListVC.swift; sourceTree = "<group>"; };
		4E012B3321E3AA6300C4B755 /* Base */ = {isa = PBXFileReference; lastKnownFileType = file.storyboard; name = Base; path = Base.lproj/Main.storyboard; sourceTree = "<group>"; };
		4E012B3521E3AA6600C4B755 /* Assets.xcassets */ = {isa = PBXFileReference; lastKnownFileType = folder.assetcatalog; path = Assets.xcassets; sourceTree = "<group>"; };
		4E012B3821E3AA6600C4B755 /* Base */ = {isa = PBXFileReference; lastKnownFileType = file.storyboard; name = Base; path = Base.lproj/LaunchScreen.storyboard; sourceTree = "<group>"; };
		4E012B3A21E3AA6600C4B755 /* Info.plist */ = {isa = PBXFileReference; lastKnownFileType = text.plist.xml; path = Info.plist; sourceTree = "<group>"; };
		4E012B4021E3AC9200C4B755 /* Podfile */ = {isa = PBXFileReference; lastKnownFileType = text; path = Podfile; sourceTree = "<group>"; xcLanguageSpecificationIdentifier = xcode.lang.ruby; };
		4E012B4221E3BD2200C4B755 /* Organization.swift */ = {isa = PBXFileReference; lastKnownFileType = sourcecode.swift; path = Organization.swift; sourceTree = "<group>"; };
		4E012B4421E3CA2E00C4B755 /* FinanceUA.swift */ = {isa = PBXFileReference; lastKnownFileType = sourcecode.swift; path = FinanceUA.swift; sourceTree = "<group>"; };
		4E7DB881220EE58400F9C2C3 /* OrganizationCell.xib */ = {isa = PBXFileReference; lastKnownFileType = file.xib; path = OrganizationCell.xib; sourceTree = "<group>"; };
		4E7DB883220EE5DD00F9C2C3 /* OrganizationCell.swift */ = {isa = PBXFileReference; lastKnownFileType = sourcecode.swift; path = OrganizationCell.swift; sourceTree = "<group>"; };
		58CF6555D1B230214381C329 /* Pods-UAFinance.debug.xcconfig */ = {isa = PBXFileReference; includeInIndex = 1; lastKnownFileType = text.xcconfig; name = "Pods-UAFinance.debug.xcconfig"; path = "Pods/Target Support Files/Pods-UAFinance/Pods-UAFinance.debug.xcconfig"; sourceTree = "<group>"; };
		5AF93A91220B2584002D4F7E /* Currency.swift */ = {isa = PBXFileReference; lastKnownFileType = sourcecode.swift; path = Currency.swift; sourceTree = "<group>"; };
		7D39C06974D980B3DA24BEF3 /* Pods_UAFinance.framework */ = {isa = PBXFileReference; explicitFileType = wrapper.framework; includeInIndex = 0; path = Pods_UAFinance.framework; sourceTree = BUILT_PRODUCTS_DIR; };
/* End PBXFileReference section */

/* Begin PBXFrameworksBuildPhase section */
		4E012B2821E3AA6300C4B755 /* Frameworks */ = {
			isa = PBXFrameworksBuildPhase;
			buildActionMask = 2147483647;
			files = (
				D80C1A7638976DAC3439C87B /* Pods_UAFinance.framework in Frameworks */,
			);
			runOnlyForDeploymentPostprocessing = 0;
		};
/* End PBXFrameworksBuildPhase section */

/* Begin PBXGroup section */
		4E012B2221E3AA6300C4B755 = {
			isa = PBXGroup;
			children = (
				4E012B4021E3AC9200C4B755 /* Podfile */,
				4E012B2D21E3AA6300C4B755 /* UAFinance */,
				4E012B2C21E3AA6300C4B755 /* Products */,
				CCDD9B951A16FE95AFBB23EF /* Pods */,
				8CC1A4642E0273AFE708AD20 /* Frameworks */,
			);
			sourceTree = "<group>";
		};
		4E012B2C21E3AA6300C4B755 /* Products */ = {
			isa = PBXGroup;
			children = (
				4E012B2B21E3AA6300C4B755 /* UAFinance.app */,
			);
			name = Products;
			sourceTree = "<group>";
		};
		4E012B2D21E3AA6300C4B755 /* UAFinance */ = {
			isa = PBXGroup;
			children = (
				5AF93A90220B19AC002D4F7E /* Controllers */,
				5AF93A8F220B1881002D4F7E /* Model */,
				4E012B2E21E3AA6300C4B755 /* AppDelegate.swift */,
				4E012B3221E3AA6300C4B755 /* Main.storyboard */,
				4E012B3521E3AA6600C4B755 /* Assets.xcassets */,
				4E012B3721E3AA6600C4B755 /* LaunchScreen.storyboard */,
				4E012B3A21E3AA6600C4B755 /* Info.plist */,
			);
			path = UAFinance;
			sourceTree = "<group>";
		};
		5AF93A8F220B1881002D4F7E /* Model */ = {
			isa = PBXGroup;
			children = (
				4E012B4221E3BD2200C4B755 /* Organization.swift */,
				4E012B4421E3CA2E00C4B755 /* FinanceUA.swift */,
				5AF93A91220B2584002D4F7E /* Currency.swift */,
			);
			path = Model;
			sourceTree = "<group>";
		};
		5AF93A90220B19AC002D4F7E /* Controllers */ = {
			isa = PBXGroup;
			children = (
				4E012B3021E3AA6300C4B755 /* OrganizationsListVC.swift */,
				4E7DB881220EE58400F9C2C3 /* OrganizationCell.xib */,
				4E7DB883220EE5DD00F9C2C3 /* OrganizationCell.swift */,
			);
			path = Controllers;
			sourceTree = "<group>";
		};
		8CC1A4642E0273AFE708AD20 /* Frameworks */ = {
			isa = PBXGroup;
			children = (
				7D39C06974D980B3DA24BEF3 /* Pods_UAFinance.framework */,
			);
			name = Frameworks;
			sourceTree = "<group>";
		};
		CCDD9B951A16FE95AFBB23EF /* Pods */ = {
			isa = PBXGroup;
			children = (
				58CF6555D1B230214381C329 /* Pods-UAFinance.debug.xcconfig */,
				2F33092A660E09ABA5E21574 /* Pods-UAFinance.release.xcconfig */,
			);
			name = Pods;
			sourceTree = "<group>";
		};
/* End PBXGroup section */

/* Begin PBXNativeTarget section */
		4E012B2A21E3AA6300C4B755 /* UAFinance */ = {
			isa = PBXNativeTarget;
			buildConfigurationList = 4E012B3D21E3AA6600C4B755 /* Build configuration list for PBXNativeTarget "UAFinance" */;
			buildPhases = (
				5A581755AC02CA7493B7FFC3 /* [CP] Check Pods Manifest.lock */,
				4E012B2721E3AA6300C4B755 /* Sources */,
				4E012B2821E3AA6300C4B755 /* Frameworks */,
				4E012B2921E3AA6300C4B755 /* Resources */,
				5DD9196E96612E4728C09786 /* [CP] Embed Pods Frameworks */,
			);
			buildRules = (
			);
			dependencies = (
			);
			name = UAFinance;
			productName = UAFinance;
			productReference = 4E012B2B21E3AA6300C4B755 /* UAFinance.app */;
			productType = "com.apple.product-type.application";
		};
/* End PBXNativeTarget section */

/* Begin PBXProject section */
		4E012B2321E3AA6300C4B755 /* Project object */ = {
			isa = PBXProject;
			attributes = {
				LastSwiftUpdateCheck = 1010;
				LastUpgradeCheck = 1010;
				ORGANIZATIONNAME = "Сергій Міхлєвській";
				TargetAttributes = {
					4E012B2A21E3AA6300C4B755 = {
						CreatedOnToolsVersion = 10.1;
					};
				};
			};
			buildConfigurationList = 4E012B2621E3AA6300C4B755 /* Build configuration list for PBXProject "UAFinance" */;
			compatibilityVersion = "Xcode 9.3";
			developmentRegion = en;
			hasScannedForEncodings = 0;
			knownRegions = (
				en,
				Base,
			);
			mainGroup = 4E012B2221E3AA6300C4B755;
			productRefGroup = 4E012B2C21E3AA6300C4B755 /* Products */;
			projectDirPath = "";
			projectRoot = "";
			targets = (
				4E012B2A21E3AA6300C4B755 /* UAFinance */,
			);
		};
/* End PBXProject section */

/* Begin PBXResourcesBuildPhase section */
		4E012B2921E3AA6300C4B755 /* Resources */ = {
			isa = PBXResourcesBuildPhase;
			buildActionMask = 2147483647;
			files = (
				4E012B3921E3AA6600C4B755 /* LaunchScreen.storyboard in Resources */,
				4E012B3621E3AA6600C4B755 /* Assets.xcassets in Resources */,
				4E7DB882220EE58400F9C2C3 /* OrganizationCell.xib in Resources */,
				4E012B3421E3AA6300C4B755 /* Main.storyboard in Resources */,
			);
			runOnlyForDeploymentPostprocessing = 0;
		};
/* End PBXResourcesBuildPhase section */

/* Begin PBXShellScriptBuildPhase section */
		5A581755AC02CA7493B7FFC3 /* [CP] Check Pods Manifest.lock */ = {
			isa = PBXShellScriptBuildPhase;
			buildActionMask = 2147483647;
			files = (
			);
			inputFileListPaths = (
			);
			inputPaths = (
				"${PODS_PODFILE_DIR_PATH}/Podfile.lock",
				"${PODS_ROOT}/Manifest.lock",
			);
			name = "[CP] Check Pods Manifest.lock";
			outputFileListPaths = (
			);
			outputPaths = (
				"$(DERIVED_FILE_DIR)/Pods-UAFinance-checkManifestLockResult.txt",
			);
			runOnlyForDeploymentPostprocessing = 0;
			shellPath = /bin/sh;
			shellScript = "diff \"${PODS_PODFILE_DIR_PATH}/Podfile.lock\" \"${PODS_ROOT}/Manifest.lock\" > /dev/null\nif [ $? != 0 ] ; then\n    # print error to STDERR\n    echo \"error: The sandbox is not in sync with the Podfile.lock. Run 'pod install' or update your CocoaPods installation.\" >&2\n    exit 1\nfi\n# This output is used by Xcode 'outputs' to avoid re-running this script phase.\necho \"SUCCESS\" > \"${SCRIPT_OUTPUT_FILE_0}\"\n";
			showEnvVarsInLog = 0;
		};
		5DD9196E96612E4728C09786 /* [CP] Embed Pods Frameworks */ = {
			isa = PBXShellScriptBuildPhase;
			buildActionMask = 2147483647;
			files = (
			);
			inputFileListPaths = (
			);
			inputPaths = (
				"${SRCROOT}/Pods/Target Support Files/Pods-UAFinance/Pods-UAFinance-frameworks.sh",
				"${BUILT_PRODUCTS_DIR}/Alamofire/Alamofire.framework",
				"${BUILT_PRODUCTS_DIR}/AlamofireObjectMapper/AlamofireObjectMapper.framework",
				"${BUILT_PRODUCTS_DIR}/ObjectMapper/ObjectMapper.framework",
				"${BUILT_PRODUCTS_DIR}/SwiftyJSON/SwiftyJSON.framework",
			);
			name = "[CP] Embed Pods Frameworks";
			outputFileListPaths = (
			);
			outputPaths = (
				"${TARGET_BUILD_DIR}/${FRAMEWORKS_FOLDER_PATH}/Alamofire.framework",
				"${TARGET_BUILD_DIR}/${FRAMEWORKS_FOLDER_PATH}/AlamofireObjectMapper.framework",
				"${TARGET_BUILD_DIR}/${FRAMEWORKS_FOLDER_PATH}/ObjectMapper.framework",
				"${TARGET_BUILD_DIR}/${FRAMEWORKS_FOLDER_PATH}/SwiftyJSON.framework",
			);
			runOnlyForDeploymentPostprocessing = 0;
			shellPath = /bin/sh;
			shellScript = "\"${SRCROOT}/Pods/Target Support Files/Pods-UAFinance/Pods-UAFinance-frameworks.sh\"\n";
			showEnvVarsInLog = 0;
		};
/* End PBXShellScriptBuildPhase section */

/* Begin PBXSourcesBuildPhase section */
		4E012B2721E3AA6300C4B755 /* Sources */ = {
			isa = PBXSourcesBuildPhase;
			buildActionMask = 2147483647;
			files = (
				5AF93A92220B2584002D4F7E /* Currency.swift in Sources */,
				4E012B3121E3AA6300C4B755 /* OrganizationsListVC.swift in Sources */,
				4E012B4121E3AC9200C4B755 /* Podfile in Sources */,
				4E012B4321E3BD2200C4B755 /* Organization.swift in Sources */,
				4E012B4521E3CA2E00C4B755 /* FinanceUA.swift in Sources */,
				4E012B2F21E3AA6300C4B755 /* AppDelegate.swift in Sources */,
				4E7DB884220EE5DD00F9C2C3 /* OrganizationCell.swift in Sources */,
			);
			runOnlyForDeploymentPostprocessing = 0;
		};
/* End PBXSourcesBuildPhase section */

/* Begin PBXVariantGroup section */
		4E012B3221E3AA6300C4B755 /* Main.storyboard */ = {
			isa = PBXVariantGroup;
			children = (
				4E012B3321E3AA6300C4B755 /* Base */,
			);
			name = Main.storyboard;
			sourceTree = "<group>";
		};
		4E012B3721E3AA6600C4B755 /* LaunchScreen.storyboard */ = {
			isa = PBXVariantGroup;
			children = (
				4E012B3821E3AA6600C4B755 /* Base */,
			);
			name = LaunchScreen.storyboard;
			sourceTree = "<group>";
		};
/* End PBXVariantGroup section */

/* Begin XCBuildConfiguration section */
		4E012B3B21E3AA6600C4B755 /* Debug */ = {
			isa = XCBuildConfiguration;
			buildSettings = {
				ALWAYS_SEARCH_USER_PATHS = NO;
				CLANG_ANALYZER_NONNULL = YES;
				CLANG_ANALYZER_NUMBER_OBJECT_CONVERSION = YES_AGGRESSIVE;
				CLANG_CXX_LANGUAGE_STANDARD = "gnu++14";
				CLANG_CXX_LIBRARY = "libc++";
				CLANG_ENABLE_MODULES = YES;
				CLANG_ENABLE_OBJC_ARC = YES;
				CLANG_ENABLE_OBJC_WEAK = YES;
				CLANG_WARN_BLOCK_CAPTURE_AUTORELEASING = YES;
				CLANG_WARN_BOOL_CONVERSION = YES;
				CLANG_WARN_COMMA = YES;
				CLANG_WARN_CONSTANT_CONVERSION = YES;
				CLANG_WARN_DEPRECATED_OBJC_IMPLEMENTATIONS = YES;
				CLANG_WARN_DIRECT_OBJC_ISA_USAGE = YES_ERROR;
				CLANG_WARN_DOCUMENTATION_COMMENTS = YES;
				CLANG_WARN_EMPTY_BODY = YES;
				CLANG_WARN_ENUM_CONVERSION = YES;
				CLANG_WARN_INFINITE_RECURSION = YES;
				CLANG_WARN_INT_CONVERSION = YES;
				CLANG_WARN_NON_LITERAL_NULL_CONVERSION = YES;
				CLANG_WARN_OBJC_IMPLICIT_RETAIN_SELF = YES;
				CLANG_WARN_OBJC_LITERAL_CONVERSION = YES;
				CLANG_WARN_OBJC_ROOT_CLASS = YES_ERROR;
				CLANG_WARN_RANGE_LOOP_ANALYSIS = YES;
				CLANG_WARN_STRICT_PROTOTYPES = YES;
				CLANG_WARN_SUSPICIOUS_MOVE = YES;
				CLANG_WARN_UNGUARDED_AVAILABILITY = YES_AGGRESSIVE;
				CLANG_WARN_UNREACHABLE_CODE = YES;
				CLANG_WARN__DUPLICATE_METHOD_MATCH = YES;
				CODE_SIGN_IDENTITY = "iPhone Developer";
				COPY_PHASE_STRIP = NO;
				DEBUG_INFORMATION_FORMAT = dwarf;
				ENABLE_STRICT_OBJC_MSGSEND = YES;
				ENABLE_TESTABILITY = YES;
				GCC_C_LANGUAGE_STANDARD = gnu11;
				GCC_DYNAMIC_NO_PIC = NO;
				GCC_NO_COMMON_BLOCKS = YES;
				GCC_OPTIMIZATION_LEVEL = 0;
				GCC_PREPROCESSOR_DEFINITIONS = (
					"DEBUG=1",
					"$(inherited)",
				);
				GCC_WARN_64_TO_32_BIT_CONVERSION = YES;
				GCC_WARN_ABOUT_RETURN_TYPE = YES_ERROR;
				GCC_WARN_UNDECLARED_SELECTOR = YES;
				GCC_WARN_UNINITIALIZED_AUTOS = YES_AGGRESSIVE;
				GCC_WARN_UNUSED_FUNCTION = YES;
				GCC_WARN_UNUSED_VARIABLE = YES;
				IPHONEOS_DEPLOYMENT_TARGET = 12.1;
				MTL_ENABLE_DEBUG_INFO = INCLUDE_SOURCE;
				MTL_FAST_MATH = YES;
				ONLY_ACTIVE_ARCH = YES;
				SDKROOT = iphoneos;
				SWIFT_ACTIVE_COMPILATION_CONDITIONS = DEBUG;
				SWIFT_OPTIMIZATION_LEVEL = "-Onone";
			};
			name = Debug;
		};
		4E012B3C21E3AA6600C4B755 /* Release */ = {
			isa = XCBuildConfiguration;
			buildSettings = {
				ALWAYS_SEARCH_USER_PATHS = NO;
				CLANG_ANALYZER_NONNULL = YES;
				CLANG_ANALYZER_NUMBER_OBJECT_CONVERSION = YES_AGGRESSIVE;
				CLANG_CXX_LANGUAGE_STANDARD = "gnu++14";
				CLANG_CXX_LIBRARY = "libc++";
				CLANG_ENABLE_MODULES = YES;
				CLANG_ENABLE_OBJC_ARC = YES;
				CLANG_ENABLE_OBJC_WEAK = YES;
				CLANG_WARN_BLOCK_CAPTURE_AUTORELEASING = YES;
				CLANG_WARN_BOOL_CONVERSION = YES;
				CLANG_WARN_COMMA = YES;
				CLANG_WARN_CONSTANT_CONVERSION = YES;
				CLANG_WARN_DEPRECATED_OBJC_IMPLEMENTATIONS = YES;
				CLANG_WARN_DIRECT_OBJC_ISA_USAGE = YES_ERROR;
				CLANG_WARN_DOCUMENTATION_COMMENTS = YES;
				CLANG_WARN_EMPTY_BODY = YES;
				CLANG_WARN_ENUM_CONVERSION = YES;
				CLANG_WARN_INFINITE_RECURSION = YES;
				CLANG_WARN_INT_CONVERSION = YES;
				CLANG_WARN_NON_LITERAL_NULL_CONVERSION = YES;
				CLANG_WARN_OBJC_IMPLICIT_RETAIN_SELF = YES;
				CLANG_WARN_OBJC_LITERAL_CONVERSION = YES;
				CLANG_WARN_OBJC_ROOT_CLASS = YES_ERROR;
				CLANG_WARN_RANGE_LOOP_ANALYSIS = YES;
				CLANG_WARN_STRICT_PROTOTYPES = YES;
				CLANG_WARN_SUSPICIOUS_MOVE = YES;
				CLANG_WARN_UNGUARDED_AVAILABILITY = YES_AGGRESSIVE;
				CLANG_WARN_UNREACHABLE_CODE = YES;
				CLANG_WARN__DUPLICATE_METHOD_MATCH = YES;
				CODE_SIGN_IDENTITY = "iPhone Developer";
				COPY_PHASE_STRIP = NO;
				DEBUG_INFORMATION_FORMAT = "dwarf-with-dsym";
				ENABLE_NS_ASSERTIONS = NO;
				ENABLE_STRICT_OBJC_MSGSEND = YES;
				GCC_C_LANGUAGE_STANDARD = gnu11;
				GCC_NO_COMMON_BLOCKS = YES;
				GCC_WARN_64_TO_32_BIT_CONVERSION = YES;
				GCC_WARN_ABOUT_RETURN_TYPE = YES_ERROR;
				GCC_WARN_UNDECLARED_SELECTOR = YES;
				GCC_WARN_UNINITIALIZED_AUTOS = YES_AGGRESSIVE;
				GCC_WARN_UNUSED_FUNCTION = YES;
				GCC_WARN_UNUSED_VARIABLE = YES;
				IPHONEOS_DEPLOYMENT_TARGET = 12.1;
				MTL_ENABLE_DEBUG_INFO = NO;
				MTL_FAST_MATH = YES;
				SDKROOT = iphoneos;
				SWIFT_COMPILATION_MODE = wholemodule;
				SWIFT_OPTIMIZATION_LEVEL = "-O";
				VALIDATE_PRODUCT = YES;
			};
			name = Release;
		};
		4E012B3E21E3AA6600C4B755 /* Debug */ = {
			isa = XCBuildConfiguration;
			baseConfigurationReference = 58CF6555D1B230214381C329 /* Pods-UAFinance.debug.xcconfig */;
			buildSettings = {
				ASSETCATALOG_COMPILER_APPICON_NAME = AppIcon;
				CODE_SIGN_STYLE = Automatic;
				DEVELOPMENT_TEAM = 3B5MTMN54U;
				INFOPLIST_FILE = UAFinance/Info.plist;
				LD_RUNPATH_SEARCH_PATHS = (
					"$(inherited)",
					"@executable_path/Frameworks",
				);
				PRODUCT_BUNDLE_IDENTIFIER = com.smikhlevskiy.UAFinance;
				PRODUCT_NAME = "$(TARGET_NAME)";
				SWIFT_VERSION = 4.2;
				TARGETED_DEVICE_FAMILY = "1,2";
			};
			name = Debug;
		};
		4E012B3F21E3AA6600C4B755 /* Release */ = {
			isa = XCBuildConfiguration;
			baseConfigurationReference = 2F33092A660E09ABA5E21574 /* Pods-UAFinance.release.xcconfig */;
			buildSettings = {
				ASSETCATALOG_COMPILER_APPICON_NAME = AppIcon;
				CODE_SIGN_STYLE = Automatic;
				DEVELOPMENT_TEAM = 3B5MTMN54U;
				INFOPLIST_FILE = UAFinance/Info.plist;
				LD_RUNPATH_SEARCH_PATHS = (
					"$(inherited)",
					"@executable_path/Frameworks",
				);
				PRODUCT_BUNDLE_IDENTIFIER = com.smikhlevskiy.UAFinance;
				PRODUCT_NAME = "$(TARGET_NAME)";
				SWIFT_VERSION = 4.2;
				TARGETED_DEVICE_FAMILY = "1,2";
			};
			name = Release;
		};
/* End XCBuildConfiguration section */

/* Begin XCConfigurationList section */
		4E012B2621E3AA6300C4B755 /* Build configuration list for PBXProject "UAFinance" */ = {
			isa = XCConfigurationList;
			buildConfigurations = (
				4E012B3B21E3AA6600C4B755 /* Debug */,
				4E012B3C21E3AA6600C4B755 /* Release */,
			);
			defaultConfigurationIsVisible = 0;
			defaultConfigurationName = Release;
		};
		4E012B3D21E3AA6600C4B755 /* Build configuration list for PBXNativeTarget "UAFinance" */ = {
			isa = XCConfigurationList;
			buildConfigurations = (
				4E012B3E21E3AA6600C4B755 /* Debug */,
				4E012B3F21E3AA6600C4B755 /* Release */,
			);
			defaultConfigurationIsVisible = 0;
			defaultConfigurationName = Release;
		};
/* End XCConfigurationList section */
	};
	rootObject = 4E012B2321E3AA6300C4B755 /* Project object */;
}
